
Microsoft Visual Studio Solution File, Format Version 12.00
# Visual Studio Version 16
VisualStudioVersion = 16.0.30204.135
MinimumVisualStudioVersion = 10.0.40219.1
Project("{FAE04EC0-301F-11D3-BF4B-00C04F79EFBC}") = "Lab10", "Lab10.csproj", "{3F04D4A7-23FB-4B94-81D4-CEE4313D5642}"
EndProject
Global
	GlobalSection(SolutionConfigurationPlatforms) = preSolution
		Debug|Any CPU = Debug|Any CPU
		Release|Any CPU = Release|Any CPU
	EndGlobalSection
	GlobalSection(ProjectConfigurationPlatforms) = postSolution
		{3F04D4A7-23FB-4B94-81D4-CEE4313D5642}.Debug|Any CPU.ActiveCfg = Debug|Any CPU
		{3F04D4A7-23FB-4B94-81D4-CEE4313D5642}.Debug|Any CPU.Build.0 = Debug|Any CPU
		{3F04D4A7-23FB-4B94-81D4-CEE4313D5642}.Release|Any CPU.ActiveCfg = Release|Any CPU
		{3F04D4A7-23FB-4B94-81D4-CEE4313D5642}.Release|Any CPU.Build.0 = Release|Any CPU
	EndGlobalSection
	GlobalSection(SolutionProperties) = preSolution
		HideSolutionNode = FALSE
	EndGlobalSection
	GlobalSection(ExtensibilityGlobals) = postSolution
		SolutionGuid = {F90A8841-A626-49A3-96DD-E9931981532C}
	EndGlobalSection
EndGlobal
